Microsoft Visual Studio Solution File, Format Version 12.00
# Visual Studio Version 17
VisualStudioVersion = 17.5.2.0
MinimumVisualStudioVersion = 10.0.40219.1
Project("{FAE04EC0-301F-11D3-BF4B-00C04F79EFBC}") = "apiNet8", "apiNet8.csproj", "{C6AB496F-BD77-E65E-F6D5-00A8EE5A31CD}"
EndProject
Global
	GlobalSection(SolutionConfigurationPlatforms) = preSolution
		Debug|Any CPU = Debug|Any CPU
		Release|Any CPU = Release|Any CPU
	EndGlobalSection
	GlobalSection(ProjectConfigurationPlatforms) = postSolution
		{C6AB496F-BD77-E65E-F6D5-00A8EE5A31CD}.Debug|Any CPU.ActiveCfg = Debug|Any CPU
		{C6AB496F-BD77-E65E-F6D5-00A8EE5A31CD}.Debug|Any CPU.Build.0 = Debug|Any CPU
		{C6AB496F-BD77-E65E-F6D5-00A8EE5A31CD}.Release|Any CPU.ActiveCfg = Release|Any CPU
		{C6AB496F-BD77-E65E-F6D5-00A8EE5A31CD}.Release|Any CPU.Build.0 = Release|Any CPU
	EndGlobalSection
	GlobalSection(SolutionProperties) = preSolution
		HideSolutionNode = FALSE
	EndGlobalSection
	GlobalSection(ExtensibilityGlobals) = postSolution
		SolutionGuid = {5AEC49C9-64FD-4CD2-9574-8FC7CF061957}
	EndGlobalSection
EndGlobal
