Microsoft Visual Studio Solution File, Format Version 12.00
# Visual Studio Version 17
VisualStudioVersion = 17.5.2.0
MinimumVisualStudioVersion = 10.0.40219.1
Project("{FAE04EC0-301F-11D3-BF4B-00C04F79EFBC}") = "demoapi", "demoapi.csproj", "{F1E16C8A-70A0-F414-2FEA-4E08FE201087}"
EndProject
Global
	GlobalSection(SolutionConfigurationPlatforms) = preSolution
		Debug|Any CPU = Debug|Any CPU
		Release|Any CPU = Release|Any CPU
	EndGlobalSection
	GlobalSection(ProjectConfigurationPlatforms) = postSolution
		{F1E16C8A-70A0-F414-2FEA-4E08FE201087}.Debug|Any CPU.ActiveCfg = Debug|Any CPU
		{F1E16C8A-70A0-F414-2FEA-4E08FE201087}.Debug|Any CPU.Build.0 = Debug|Any CPU
		{F1E16C8A-70A0-F414-2FEA-4E08FE201087}.Release|Any CPU.ActiveCfg = Release|Any CPU
		{F1E16C8A-70A0-F414-2FEA-4E08FE201087}.Release|Any CPU.Build.0 = Release|Any CPU
	EndGlobalSection
	GlobalSection(SolutionProperties) = preSolution
		HideSolutionNode = FALSE
	EndGlobalSection
	GlobalSection(ExtensibilityGlobals) = postSolution
		SolutionGuid = {3D35C023-6CC9-4E40-AFB8-7B22A7D9FD59}
	EndGlobalSection
EndGlobal
